
Microsoft Visual Studio Solution File, Format Version 12.00
# Visual Studio Version 17
VisualStudioVersion = 17.0.31903.59
MinimumVisualStudioVersion = 10.0.40219.1
Project("{FAE04EC0-301F-11D3-BF4B-00C04F79EFBC}") = "WriteLineMyName", "WriteLineMyName\WriteLineMyName.csproj", "{3912F9E5-23F2-4B37-B074-ECC2DC3764A8}"
EndProject
Project("{FAE04EC0-301F-11D3-BF4B-00C04F79EFBC}") = "TestInteger", "TestInteger\TestInteger.csproj", "{EBD0E686-463E-4C3C-AFCF-DF38E164DE34}"
EndProject
Global
	GlobalSection(SolutionConfigurationPlatforms) = preSolution
		Debug|Any CPU = Debug|Any CPU
		Release|Any CPU = Release|Any CPU
	EndGlobalSection
	GlobalSection(SolutionProperties) = preSolution
		HideSolutionNode = FALSE
	EndGlobalSection
	GlobalSection(ProjectConfigurationPlatforms) = postSolution
		{3912F9E5-23F2-4B37-B074-ECC2DC3764A8}.Debug|Any CPU.ActiveCfg = Debug|Any CPU
		{3912F9E5-23F2-4B37-B074-ECC2DC3764A8}.Debug|Any CPU.Build.0 = Debug|Any CPU
		{3912F9E5-23F2-4B37-B074-ECC2DC3764A8}.Release|Any CPU.ActiveCfg = Release|Any CPU
		{3912F9E5-23F2-4B37-B074-ECC2DC3764A8}.Release|Any CPU.Build.0 = Release|Any CPU
		{EBD0E686-463E-4C3C-AFCF-DF38E164DE34}.Debug|Any CPU.ActiveCfg = Debug|Any CPU
		{EBD0E686-463E-4C3C-AFCF-DF38E164DE34}.Debug|Any CPU.Build.0 = Debug|Any CPU
		{EBD0E686-463E-4C3C-AFCF-DF38E164DE34}.Release|Any CPU.ActiveCfg = Release|Any CPU
		{EBD0E686-463E-4C3C-AFCF-DF38E164DE34}.Release|Any CPU.Build.0 = Release|Any CPU
	EndGlobalSection
EndGlobal
